
Microsoft Visual Studio Solution File, Format Version 12.00
# Visual Studio Version 16
VisualStudioVersion = 16.0.29102.190
MinimumVisualStudioVersion = 10.0.40219.1
Project("{9A19103F-16F7-4668-BE54-9A1E7A4F7556}") = "NhbCollections", "NhbCollections\NhbCollections.csproj", "{4D7BB8F9-6BCC-4C91-8309-929A62ADF2FF}"
EndProject
Global
	GlobalSection(SolutionConfigurationPlatforms) = preSolution
		Debug|Any CPU = Debug|Any CPU
		Release|Any CPU = Release|Any CPU
	EndGlobalSection
	GlobalSection(ProjectConfigurationPlatforms) = postSolution
		{4D7BB8F9-6BCC-4C91-8309-929A62ADF2FF}.Debug|Any CPU.ActiveCfg = Debug|Any CPU
		{4D7BB8F9-6BCC-4C91-8309-929A62ADF2FF}.Debug|Any CPU.Build.0 = Debug|Any CPU
		{4D7BB8F9-6BCC-4C91-8309-929A62ADF2FF}.Release|Any CPU.ActiveCfg = Release|Any CPU
		{4D7BB8F9-6BCC-4C91-8309-929A62ADF2FF}.Release|Any CPU.Build.0 = Release|Any CPU
	EndGlobalSection
	GlobalSection(SolutionProperties) = preSolution
		HideSolutionNode = FALSE
	EndGlobalSection
	GlobalSection(ExtensibilityGlobals) = postSolution
		SolutionGuid = {0186A1BE-204F-4E7D-935A-8EF8409AE4C6}
	EndGlobalSection
EndGlobal
